// !$*UTF8*$!
{
	archiveVersion = 1;
	classes = {
	};
	objectVersion = 46;
	objects = {

/* Begin PBXBuildFile section */
		9975A75E1F7560680044FAA5 /* AppDelegate.swift in Sources */ = {isa = PBXBuildFile; fileRef = 9975A75D1F7560680044FAA5 /* AppDelegate.swift */; };
		9975A7601F7560680044FAA5 /* ViewController.swift in Sources */ = {isa = PBXBuildFile; fileRef = 9975A75F1F7560680044FAA5 /* ViewController.swift */; };
		9975A7631F7560680044FAA5 /* Main.storyboard in Resources */ = {isa = PBXBuildFile; fileRef = 9975A7611F7560680044FAA5 /* Main.storyboard */; };
		9975A7651F7560680044FAA5 /* Assets.xcassets in Resources */ = {isa = PBXBuildFile; fileRef = 9975A7641F7560680044FAA5 /* Assets.xcassets */; };
		9975A7681F7560680044FAA5 /* LaunchScreen.storyboard in Resources */ = {isa = PBXBuildFile; fileRef = 9975A7661F7560680044FAA5 /* LaunchScreen.storyboard */; };
		9975A7731F7560680044FAA5 /* MyFirstAppTests.swift in Sources */ = {isa = PBXBuildFile; fileRef = 9975A7721F7560680044FAA5 /* MyFirstAppTests.swift */; };
		9975A77E1F7560680044FAA5 /* MyFirstAppUITests.swift in Sources */ = {isa = PBXBuildFile; fileRef = 9975A77D1F7560680044FAA5 /* MyFirstAppUITests.swift */; };
		99F9C9A41F76C43900DE7C3B /* image.jpeg in Resources */ = {isa = PBXBuildFile; fileRef = 99F9C9A31F76C43900DE7C3B /* image.jpeg */; };
/* End PBXBuildFile section */

/* Begin PBXContainerItemProxy section */
		9975A76F1F7560680044FAA5 /* PBXContainerItemProxy */ = {
			isa = PBXContainerItemProxy;
			containerPortal = 9975A7521F7560680044FAA5 /* Project object */;
			proxyType = 1;
			remoteGlobalIDString = 9975A7591F7560680044FAA5;
			remoteInfo = MyFirstApp;
		};
		9975A77A1F7560680044FAA5 /* PBXContainerItemProxy */ = {
			isa = PBXContainerItemProxy;
			containerPortal = 9975A7521F7560680044FAA5 /* Project object */;
			proxyType = 1;
			remoteGlobalIDString = 9975A7591F7560680044FAA5;
			remoteInfo = MyFirstApp;
		};
/* End PBXContainerItemProxy section */

/* Begin PBXFileReference section */
		9975A75A1F7560680044FAA5 /* MyFirstApp.app */ = {isa = PBXFileReference; explicitFileType = wrapper.application; includeInIndex = 0; path = MyFirstApp.app; sourceTree = BUILT_PRODUCTS_DIR; };
		9975A75D1F7560680044FAA5 /* AppDelegate.swift */ = {isa = PBXFileReference; lastKnownFileType = sourcecode.swift; path = AppDelegate.swift; sourceTree = "<group>"; };
		9975A75F1F7560680044FAA5 /* ViewController.swift */ = {isa = PBXFileReference; lastKnownFileType = sourcecode.swift; path = ViewController.swift; sourceTree = "<group>"; };
		9975A7621F7560680044FAA5 /* Base */ = {isa = PBXFileReference; lastKnownFileType = file.storyboard; name = Base; path = Base.lproj/Main.storyboard; sourceTree = "<group>"; };
		9975A7641F7560680044FAA5 /* Assets.xcassets */ = {isa = PBXFileReference; lastKnownFileType = folder.assetcatalog; path = Assets.xcassets; sourceTree = "<group>"; };
		9975A7671F7560680044FAA5 /* Base */ = {isa = PBXFileReference; lastKnownFileType = file.storyboard; name = Base; path = Base.lproj/LaunchScreen.storyboard; sourceTree = "<group>"; };
		9975A7691F7560680044FAA5 /* Info.plist */ = {isa = PBXFileReference; lastKnownFileType = text.plist.xml; path = Info.plist; sourceTree = "<group>"; };
		9975A76E1F7560680044FAA5 /* MyFirstAppTests.xctest */ = {isa = PBXFileReference; explicitFileType = wrapper.cfbundle; includeInIndex = 0; path = MyFirstAppTests.xctest; sourceTree = BUILT_PRODUCTS_DIR; };
		9975A7721F7560680044FAA5 /* MyFirstAppTests.swift */ = {isa = PBXFileReference; lastKnownFileType = sourcecode.swift; path = MyFirstAppTests.swift; sourceTree = "<group>"; };
		9975A7741F7560680044FAA5 /* Info.plist */ = {isa = PBXFileReference; lastKnownFileType = text.plist.xml; path = Info.plist; sourceTree = "<group>"; };
		9975A7791F7560680044FAA5 /* MyFirstAppUITests.xctest */ = {isa = PBXFileReference; explicitFileType = wrapper.cfbundle; includeInIndex = 0; path = MyFirstAppUITests.xctest; sourceTree = BUILT_PRODUCTS_DIR; };
		9975A77D1F7560680044FAA5 /* MyFirstAppUITests.swift */ = {isa = PBXFileReference; lastKnownFileType = sourcecode.swift; path = MyFirstAppUITests.swift; sourceTree = "<group>"; };
		9975A77F1F7560680044FAA5 /* Info.plist */ = {isa = PBXFileReference; lastKnownFileType = text.plist.xml; path = Info.plist; sourceTree = "<group>"; };
		99F9C9A31F76C43900DE7C3B /* image.jpeg */ = {isa = PBXFileReference; lastKnownFileType = image.jpeg; path = image.jpeg; sourceTree = "<group>"; };
/* End PBXFileReference section */

/* Begin PBXFrameworksBuildPhase section */
		9975A7571F7560680044FAA5 /* Frameworks */ = {
			isa = PBXFrameworksBuildPhase;
			buildActionMask = 2147483647;
			files = (
			);
			runOnlyForDeploymentPostprocessing = 0;
		};
		9975A76B1F7560680044FAA5 /* Frameworks */ = {
			isa = PBXFrameworksBuildPhase;
			buildActionMask = 2147483647;
			files = (
			);
			runOnlyForDeploymentPostprocessing = 0;
		};
		9975A7761F7560680044FAA5 /* Frameworks */ = {
			isa = PBXFrameworksBuildPhase;
			buildActionMask = 2147483647;
			files = (
			);
			runOnlyForDeploymentPostprocessing = 0;
		};
/* End PBXFrameworksBuildPhase section */

/* Begin PBXGroup section */
		9975A7511F7560680044FAA5 = {
			isa = PBXGroup;
			children = (
				9975A75C1F7560680044FAA5 /* MyFirstApp */,
				9975A7711F7560680044FAA5 /* MyFirstAppTests */,
				9975A77C1F7560680044FAA5 /* MyFirstAppUITests */,
				9975A75B1F7560680044FAA5 /* Products */,
			);
			sourceTree = "<group>";
		};
		9975A75B1F7560680044FAA5 /* Products */ = {
			isa = PBXGroup;
			children = (
				9975A75A1F7560680044FAA5 /* MyFirstApp.app */,
				9975A76E1F7560680044FAA5 /* MyFirstAppTests.xctest */,
				9975A7791F7560680044FAA5 /* MyFirstAppUITests.xctest */,
			);
			name = Products;
			sourceTree = "<group>";
		};
		9975A75C1F7560680044FAA5 /* MyFirstApp */ = {
			isa = PBXGroup;
			children = (
				99F9C9A01F76C1D500DE7C3B /* image */,
				9975A75D1F7560680044FAA5 /* AppDelegate.swift */,
				9975A75F1F7560680044FAA5 /* ViewController.swift */,
				9975A7611F7560680044FAA5 /* Main.storyboard */,
				9975A7641F7560680044FAA5 /* Assets.xcassets */,
				9975A7661F7560680044FAA5 /* LaunchScreen.storyboard */,
				9975A7691F7560680044FAA5 /* Info.plist */,
			);
			path = MyFirstApp;
			sourceTree = "<group>";
		};
		9975A7711F7560680044FAA5 /* MyFirstAppTests */ = {
			isa = PBXGroup;
			children = (
				9975A7721F7560680044FAA5 /* MyFirstAppTests.swift */,
				9975A7741F7560680044FAA5 /* Info.plist */,
			);
			path = MyFirstAppTests;
			sourceTree = "<group>";
		};
		9975A77C1F7560680044FAA5 /* MyFirstAppUITests */ = {
			isa = PBXGroup;
			children = (
				9975A77D1F7560680044FAA5 /* MyFirstAppUITests.swift */,
				9975A77F1F7560680044FAA5 /* Info.plist */,
			);
			path = MyFirstAppUITests;
			sourceTree = "<group>";
		};
		99F9C9A01F76C1D500DE7C3B /* image */ = {
			isa = PBXGroup;
			children = (
				99F9C9A31F76C43900DE7C3B /* image.jpeg */,
			);
			name = image;
			sourceTree = "<group>";
		};
/* End PBXGroup section */

/* Begin PBXNativeTarget section */
		9975A7591F7560680044FAA5 /* MyFirstApp */ = {
			isa = PBXNativeTarget;
			buildConfigurationList = 9975A7821F7560680044FAA5 /* Build configuration list for PBXNativeTarget "MyFirstApp" */;
			buildPhases = (
				9975A7561F7560680044FAA5 /* Sources */,
				9975A7571F7560680044FAA5 /* Frameworks */,
				9975A7581F7560680044FAA5 /* Resources */,
			);
			buildRules = (
			);
			dependencies = (
			);
			name = MyFirstApp;
			productName = MyFirstApp;
			productReference = 9975A75A1F7560680044FAA5 /* MyFirstApp.app */;
			productType = "com.apple.product-type.application";
		};
		9975A76D1F7560680044FAA5 /* MyFirstAppTests */ = {
			isa = PBXNativeTarget;
			buildConfigurationList = 9975A7851F7560680044FAA5 /* Build configuration list for PBXNativeTarget "MyFirstAppTests" */;
			buildPhases = (
				9975A76A1F7560680044FAA5 /* Sources */,
				9975A76B1F7560680044FAA5 /* Frameworks */,
				9975A76C1F7560680044FAA5 /* Resources */,
			);
			buildRules = (
			);
			dependencies = (
				9975A7701F7560680044FAA5 /* PBXTargetDependency */,
			);
			name = MyFirstAppTests;
			productName = MyFirstAppTests;
			productReference = 9975A76E1F7560680044FAA5 /* MyFirstAppTests.xctest */;
			productType = "com.apple.product-type.bundle.unit-test";
		};
		9975A7781F7560680044FAA5 /* MyFirstAppUITests */ = {
			isa = PBXNativeTarget;
			buildConfigurationList = 9975A7881F7560680044FAA5 /* Build configuration list for PBXNativeTarget "MyFirstAppUITests" */;
			buildPhases = (
				9975A7751F7560680044FAA5 /* Sources */,
				9975A7761F7560680044FAA5 /* Frameworks */,
				9975A7771F7560680044FAA5 /* Resources */,
			);
			buildRules = (
			);
			dependencies = (
				9975A77B1F7560680044FAA5 /* PBXTargetDependency */,
			);
			name = MyFirstAppUITests;
			productName = MyFirstAppUITests;
			productReference = 9975A7791F7560680044FAA5 /* MyFirstAppUITests.xctest */;
			productType = "com.apple.product-type.bundle.ui-testing";
		};
/* End PBXNativeTarget section */

/* Begin PBXProject section */
		9975A7521F7560680044FAA5 /* Project object */ = {
			isa = PBXProject;
			attributes = {
				LastSwiftUpdateCheck = 0830;
				LastUpgradeCheck = 0830;
				ORGANIZATIONNAME = "Rocky Ahmed ";
				TargetAttributes = {
					9975A7591F7560680044FAA5 = {
						CreatedOnToolsVersion = 8.3.3;
						ProvisioningStyle = Automatic;
					};
					9975A76D1F7560680044FAA5 = {
						CreatedOnToolsVersion = 8.3.3;
						ProvisioningStyle = Automatic;
						TestTargetID = 9975A7591F7560680044FAA5;
					};
					9975A7781F7560680044FAA5 = {
						CreatedOnToolsVersion = 8.3.3;
						ProvisioningStyle = Automatic;
						TestTargetID = 9975A7591F7560680044FAA5;
					};
				};
			};
			buildConfigurationList = 9975A7551F7560680044FAA5 /* Build configuration list for PBXProject "MyFirstApp" */;
			compatibilityVersion = "Xcode 3.2";
			developmentRegion = English;
			hasScannedForEncodings = 0;
			knownRegions = (
				en,
				Base,
			);
			mainGroup = 9975A7511F7560680044FAA5;
			productRefGroup = 9975A75B1F7560680044FAA5 /* Products */;
			projectDirPath = "";
			projectRoot = "";
			targets = (
				9975A7591F7560680044FAA5 /* MyFirstApp */,
				9975A76D1F7560680044FAA5 /* MyFirstAppTests */,
				9975A7781F7560680044FAA5 /* MyFirstAppUITests */,
			);
		};
/* End PBXProject section */

/* Begin PBXResourcesBuildPhase section */
		9975A7581F7560680044FAA5 /* Resources */ = {
			isa = PBXResourcesBuildPhase;
			buildActionMask = 2147483647;
			files = (
				9975A7681F7560680044FAA5 /* LaunchScreen.storyboard in Resources */,
				99F9C9A41F76C43900DE7C3B /* image.jpeg in Resources */,
				9975A7651F7560680044FAA5 /* Assets.xcassets in Resources */,
				9975A7631F7560680044FAA5 /* Main.storyboard in Resources */,
			);
			runOnlyForDeploymentPostprocessing = 0;
		};
		9975A76C1F7560680044FAA5 /* Resources */ = {
			isa = PBXResourcesBuildPhase;
			buildActionMask = 2147483647;
			files = (
			);
			runOnlyForDeploymentPostprocessing = 0;
		};
		9975A7771F7560680044FAA5 /* Resources */ = {
			isa = PBXResourcesBuildPhase;
			buildActionMask = 2147483647;
			files = (
			);
			runOnlyForDeploymentPostprocessing = 0;
		};
/* End PBXResourcesBuildPhase section */

/* Begin PBXSourcesBuildPhase section */
		9975A7561F7560680044FAA5 /* Sources */ = {
			isa = PBXSourcesBuildPhase;
			buildActionMask = 2147483647;
			files = (
				9975A7601F7560680044FAA5 /* ViewController.swift in Sources */,
				9975A75E1F7560680044FAA5 /* AppDelegate.swift in Sources */,
			);
			runOnlyForDeploymentPostprocessing = 0;
		};
		9975A76A1F7560680044FAA5 /* Sources */ = {
			isa = PBXSourcesBuildPhase;
			buildActionMask = 2147483647;
			files = (
				9975A7731F7560680044FAA5 /* MyFirstAppTests.swift in Sources */,
			);
			runOnlyForDeploymentPostprocessing = 0;
		};
		9975A7751F7560680044FAA5 /* Sources */ = {
			isa = PBXSourcesBuildPhase;
			buildActionMask = 2147483647;
			files = (
				9975A77E1F7560680044FAA5 /* MyFirstAppUITests.swift in Sources */,
			);
			runOnlyForDeploymentPostprocessing = 0;
		};
/* End PBXSourcesBuildPhase section */

/* Begin PBXTargetDependency section */
		9975A7701F7560680044FAA5 /* PBXTargetDependency */ = {
			isa = PBXTargetDependency;
			target = 9975A7591F7560680044FAA5 /* MyFirstApp */;
			targetProxy = 9975A76F1F7560680044FAA5 /* PBXContainerItemProxy */;
		};
		9975A77B1F7560680044FAA5 /* PBXTargetDependency */ = {
			isa = PBXTargetDependency;
			target = 9975A7591F7560680044FAA5 /* MyFirstApp */;
			targetProxy = 9975A77A1F7560680044FAA5 /* PBXContainerItemProxy */;
		};
/* End PBXTargetDependency section */

/* Begin PBXVariantGroup section */
		9975A7611F7560680044FAA5 /* Main.storyboard */ = {
			isa = PBXVariantGroup;
			children = (
				9975A7621F7560680044FAA5 /* Base */,
			);
			name = Main.storyboard;
			sourceTree = "<group>";
		};
		9975A7661F7560680044FAA5 /* LaunchScreen.storyboard */ = {
			isa = PBXVariantGroup;
			children = (
				9975A7671F7560680044FAA5 /* Base */,
			);
			name = LaunchScreen.storyboard;
			sourceTree = "<group>";
		};
/* End PBXVariantGroup section */

/* Begin XCBuildConfiguration section */
		9975A7801F7560680044FAA5 /* Debug */ = {
			isa = XCBuildConfiguration;
			buildSettings = {
				ALWAYS_SEARCH_USER_PATHS = NO;
				CLANG_ANALYZER_NONNULL = YES;
				CLANG_ANALYZER_NUMBER_OBJECT_CONVERSION = YES_AGGRESSIVE;
				CLANG_CXX_LANGUAGE_STANDARD = "gnu++0x";
				CLANG_CXX_LIBRARY = "libc++";
				CLANG_ENABLE_MODULES = YES;
				CLANG_ENABLE_OBJC_ARC = YES;
				CLANG_WARN_BOOL_CONVERSION = YES;
				CLANG_WARN_CONSTANT_CONVERSION = YES;
				CLANG_WARN_DIRECT_OBJC_ISA_USAGE = YES_ERROR;
				CLANG_WARN_DOCUMENTATION_COMMENTS = YES;
				CLANG_WARN_EMPTY_BODY = YES;
				CLANG_WARN_ENUM_CONVERSION = YES;
				CLANG_WARN_INFINITE_RECURSION = YES;
				CLANG_WARN_INT_CONVERSION = YES;
				CLANG_WARN_OBJC_ROOT_CLASS = YES_ERROR;
				CLANG_WARN_SUSPICIOUS_MOVE = YES;
				CLANG_WARN_UNREACHABLE_CODE = YES;
				CLANG_WARN__DUPLICATE_METHOD_MATCH = YES;
				"CODE_SIGN_IDENTITY[sdk=iphoneos*]" = "iPhone Developer";
				COPY_PHASE_STRIP = NO;
				DEBUG_INFORMATION_FORMAT = dwarf;
				ENABLE_STRICT_OBJC_MSGSEND = YES;
				ENABLE_TESTABILITY = YES;
				GCC_C_LANGUAGE_STANDARD = gnu99;
				GCC_DYNAMIC_NO_PIC = NO;
				GCC_NO_COMMON_BLOCKS = YES;
				GCC_OPTIMIZATION_LEVEL = 0;
				GCC_PREPROCESSOR_DEFINITIONS = (
					"DEBUG=1",
					"$(inherited)",
				);
				GCC_WARN_64_TO_32_BIT_CONVERSION = YES;
				GCC_WARN_ABOUT_RETURN_TYPE = YES_ERROR;
				GCC_WARN_UNDECLARED_SELECTOR = YES;
				GCC_WARN_UNINITIALIZED_AUTOS = YES_AGGRESSIVE;
				GCC_WARN_UNUSED_FUNCTION = YES;
				GCC_WARN_UNUSED_VARIABLE = YES;
				IPHONEOS_DEPLOYMENT_TARGET = 10.3;
				MTL_ENABLE_DEBUG_INFO = YES;
				ONLY_ACTIVE_ARCH = YES;
				SDKROOT = iphoneos;
				SWIFT_ACTIVE_COMPILATION_CONDITIONS = DEBUG;
				SWIFT_OPTIMIZATION_LEVEL = "-Onone";
				TARGETED_DEVICE_FAMILY = "1,2";
			};
			name = Debug;
		};
		9975A7811F7560680044FAA5 /* Release */ = {
			isa = XCBuildConfiguration;
			buildSettings = {
				ALWAYS_SEARCH_USER_PATHS = NO;
				CLANG_ANALYZER_NONNULL = YES;
				CLANG_ANALYZER_NUMBER_OBJECT_CONVERSION = YES_AGGRESSIVE;
				CLANG_CXX_LANGUAGE_STANDARD = "gnu++0x";
				CLANG_CXX_LIBRARY = "libc++";
				CLANG_ENABLE_MODULES = YES;
				CLANG_ENABLE_OBJC_ARC = YES;
				CLANG_WARN_BOOL_CONVERSION = YES;
				CLANG_WARN_CONSTANT_CONVERSION = YES;
				CLANG_WARN_DIRECT_OBJC_ISA_USAGE = YES_ERROR;
				CLANG_WARN_DOCUMENTATION_COMMENTS = YES;
				CLANG_WARN_EMPTY_BODY = YES;
				CLANG_WARN_ENUM_CONVERSION = YES;
				CLANG_WARN_INFINITE_RECURSION = YES;
				CLANG_WARN_INT_CONVERSION = YES;
				CLANG_WARN_OBJC_ROOT_CLASS = YES_ERROR;
				CLANG_WARN_SUSPICIOUS_MOVE = YES;
				CLANG_WARN_UNREACHABLE_CODE = YES;
				CLANG_WARN__DUPLICATE_METHOD_MATCH = YES;
				"CODE_SIGN_IDENTITY[sdk=iphoneos*]" = "iPhone Developer";
				COPY_PHASE_STRIP = NO;
				DEBUG_INFORMATION_FORMAT = "dwarf-with-dsym";
				ENABLE_NS_ASSERTIONS = NO;
				ENABLE_STRICT_OBJC_MSGSEND = YES;
				GCC_C_LANGUAGE_STANDARD = gnu99;
				GCC_NO_COMMON_BLOCKS = YES;
				GCC_WARN_64_TO_32_BIT_CONVERSION = YES;
				GCC_WARN_ABOUT_RETURN_TYPE = YES_ERROR;
				GCC_WARN_UNDECLARED_SELECTOR = YES;
				GCC_WARN_UNINITIALIZED_AUTOS = YES_AGGRESSIVE;
				GCC_WARN_UNUSED_FUNCTION = YES;
				GCC_WARN_UNUSED_VARIABLE = YES;
				IPHONEOS_DEPLOYMENT_TARGET = 10.3;
				MTL_ENABLE_DEBUG_INFO = NO;
				SDKROOT = iphoneos;
				SWIFT_OPTIMIZATION_LEVEL = "-Owholemodule";
				TARGETED_DEVICE_FAMILY = "1,2";
				VALIDATE_PRODUCT = YES;
			};
			name = Release;
		};
		9975A7831F7560680044FAA5 /* Debug */ = {
			isa = XCBuildConfiguration;
			buildSettings = {
				ASSETCATALOG_COMPILER_APPICON_NAME = AppIcon;
				INFOPLIST_FILE = MyFirstApp/Info.plist;
				LD_RUNPATH_SEARCH_PATHS = "$(inherited) @executable_path/Frameworks";
				PRODUCT_BUNDLE_IDENTIFIER = rockey.MyFirstApp;
				PRODUCT_NAME = "$(TARGET_NAME)";
				SWIFT_VERSION = 3.0;
			};
			name = Debug;
		};
		9975A7841F7560680044FAA5 /* Release */ = {
			isa = XCBuildConfiguration;
			buildSettings = {
				ASSETCATALOG_COMPILER_APPICON_NAME = AppIcon;
				INFOPLIST_FILE = MyFirstApp/Info.plist;
				LD_RUNPATH_SEARCH_PATHS = "$(inherited) @executable_path/Frameworks";
				PRODUCT_BUNDLE_IDENTIFIER = rockey.MyFirstApp;
				PRODUCT_NAME = "$(TARGET_NAME)";
				SWIFT_VERSION = 3.0;
			};
			name = Release;
		};
		9975A7861F7560680044FAA5 /* Debug */ = {
			isa = XCBuildConfiguration;
			buildSettings = {
				ALWAYS_EMBED_SWIFT_STANDARD_LIBRARIES = YES;
				BUNDLE_LOADER = "$(TEST_HOST)";
				INFOPLIST_FILE = MyFirstAppTests/Info.plist;
				LD_RUNPATH_SEARCH_PATHS = "$(inherited) @executable_path/Frameworks @loader_path/Frameworks";
				PRODUCT_BUNDLE_IDENTIFIER = rockey.MyFirstAppTests;
				PRODUCT_NAME = "$(TARGET_NAME)";
				SWIFT_VERSION = 3.0;
				TEST_HOST = "$(BUILT_PRODUCTS_DIR)/MyFirstApp.app/MyFirstApp";
			};
			name = Debug;
		};
		9975A7871F7560680044FAA5 /* Release */ = {
			isa = XCBuildConfiguration;
			buildSettings = {
				ALWAYS_EMBED_SWIFT_STANDARD_LIBRARIES = YES;
				BUNDLE_LOADER = "$(TEST_HOST)";
				INFOPLIST_FILE = MyFirstAppTests/Info.plist;
				LD_RUNPATH_SEARCH_PATHS = "$(inherited) @executable_path/Frameworks @loader_path/Frameworks";
				PRODUCT_BUNDLE_IDENTIFIER = rockey.MyFirstAppTests;
				PRODUCT_NAME = "$(TARGET_NAME)";
				SWIFT_VERSION = 3.0;
				TEST_HOST = "$(BUILT_PRODUCTS_DIR)/MyFirstApp.app/MyFirstApp";
			};
			name = Release;
		};
		9975A7891F7560680044FAA5 /* Debug */ = {
			isa = XCBuildConfiguration;
			buildSettings = {
				ALWAYS_EMBED_SWIFT_STANDARD_LIBRARIES = YES;
				INFOPLIST_FILE = MyFirstAppUITests/Info.plist;
				LD_RUNPATH_SEARCH_PATHS = "$(inherited) @executable_path/Frameworks @loader_path/Frameworks";
				PRODUCT_BUNDLE_IDENTIFIER = rockey.MyFirstAppUITests;
				PRODUCT_NAME = "$(TARGET_NAME)";
				SWIFT_VERSION = 3.0;
				TEST_TARGET_NAME = MyFirstApp;
			};
			name = Debug;
		};
		9975A78A1F7560680044FAA5 /* Release */ = {
			isa = XCBuildConfiguration;
			buildSettings = {
				ALWAYS_EMBED_SWIFT_STANDARD_LIBRARIES = YES;
				INFOPLIST_FILE = MyFirstAppUITests/Info.plist;
				LD_RUNPATH_SEARCH_PATHS = "$(inherited) @executable_path/Frameworks @loader_path/Frameworks";
				PRODUCT_BUNDLE_IDENTIFIER = rockey.MyFirstAppUITests;
				PRODUCT_NAME = "$(TARGET_NAME)";
				SWIFT_VERSION = 3.0;
				TEST_TARGET_NAME = MyFirstApp;
			};
			name = Release;
		};
/* End XCBuildConfiguration section */

/* Begin XCConfigurationList section */
		9975A7551F7560680044FAA5 /* Build configuration list for PBXProject "MyFirstApp" */ = {
			isa = XCConfigurationList;
			buildConfigurations = (
				9975A7801F7560680044FAA5 /* Debug */,
				9975A7811F7560680044FAA5 /* Release */,
			);
			defaultConfigurationIsVisible = 0;
			defaultConfigurationName = Release;
		};
		9975A7821F7560680044FAA5 /* Build configuration list for PBXNativeTarget "MyFirstApp" */ = {
			isa = XCConfigurationList;
			buildConfigurations = (
				9975A7831F7560680044FAA5 /* Debug */,
				9975A7841F7560680044FAA5 /* Release */,
			);
			defaultConfigurationIsVisible = 0;
			defaultConfigurationName = Release;
		};
		9975A7851F7560680044FAA5 /* Build configuration list for PBXNativeTarget "MyFirstAppTests" */ = {
			isa = XCConfigurationList;
			buildConfigurations = (
				9975A7861F7560680044FAA5 /* Debug */,
				9975A7871F7560680044FAA5 /* Release */,
			);
			defaultConfigurationIsVisible = 0;
			defaultConfigurationName = Release;
		};
		9975A7881F7560680044FAA5 /* Build configuration list for PBXNativeTarget "MyFirstAppUITests" */ = {
			isa = XCConfigurationList;
			buildConfigurations = (
				9975A7891F7560680044FAA5 /* Debug */,
				9975A78A1F7560680044FAA5 /* Release */,
			);
			defaultConfigurationIsVisible = 0;
			defaultConfigurationName = Release;
		};
/* End XCConfigurationList section */
	};
	rootObject = 9975A7521F7560680044FAA5 /* Project object */;
}
